
Microsoft Visual Studio Solution File, Format Version 12.00
# Visual Studio 15
Project("{FAE04EC0-301F-11D3-BF4B-00C04F79EFBC}") = "Assembly-CSharp", "Assembly-CSharp.csproj", "{CB223B26-3C1F-2E18-5AEE-B3D1C105806C}"
EndProject
Global
	GlobalSection(SolutionConfigurationPlatforms) = preSolution
		Debug|Any CPU = Debug|Any CPU
		Release|Any CPU = Release|Any CPU
	EndGlobalSection
	GlobalSection(ProjectConfigurationPlatforms) = postSolution
		{CB223B26-3C1F-2E18-5AEE-B3D1C105806C}.Debug|Any CPU.ActiveCfg = Debug|Any CPU
		{CB223B26-3C1F-2E18-5AEE-B3D1C105806C}.Debug|Any CPU.Build.0 = Debug|Any CPU
		{CB223B26-3C1F-2E18-5AEE-B3D1C105806C}.Release|Any CPU.ActiveCfg = Release|Any CPU
		{CB223B26-3C1F-2E18-5AEE-B3D1C105806C}.Release|Any CPU.Build.0 = Release|Any CPU
	EndGlobalSection
	GlobalSection(SolutionProperties) = preSolution
		HideSolutionNode = FALSE
	EndGlobalSection
EndGlobal
